
Microsoft Visual Studio Solution File, Format Version 12.00
# Visual Studio Version 16
VisualStudioVersion = 16.0.31410.223
MinimumVisualStudioVersion = 10.0.40219.1
Project("{9A19103F-16F7-4668-BE54-9A1E7A4F7556}") = "salat", "salat\salat.csproj", "{810F8188-7C96-4675-8B50-9DB5871DCC12}"
EndProject
Global
	GlobalSection(SolutionConfigurationPlatforms) = preSolution
		Debug|Any CPU = Debug|Any CPU
		Release|Any CPU = Release|Any CPU
	EndGlobalSection
	GlobalSection(ProjectConfigurationPlatforms) = postSolution
		{810F8188-7C96-4675-8B50-9DB5871DCC12}.Debug|Any CPU.ActiveCfg = Debug|Any CPU
		{810F8188-7C96-4675-8B50-9DB5871DCC12}.Debug|Any CPU.Build.0 = Debug|Any CPU
		{810F8188-7C96-4675-8B50-9DB5871DCC12}.Release|Any CPU.ActiveCfg = Release|Any CPU
		{810F8188-7C96-4675-8B50-9DB5871DCC12}.Release|Any CPU.Build.0 = Release|Any CPU
	EndGlobalSection
	GlobalSection(SolutionProperties) = preSolution
		HideSolutionNode = FALSE
	EndGlobalSection
	GlobalSection(ExtensibilityGlobals) = postSolution
		SolutionGuid = {A0AEB300-66D4-4D0C-A68F-31AA82558334}
	EndGlobalSection
EndGlobal
